// !$*UTF8*$!
{
	archiveVersion = 1;
	classes = {
	};
	objectVersion = 77;
	objects = {

/* Begin PBXBuildFile section */
		3AF92DF4E3F00CE09024835C /* FileListView.swift in Sources */ = {isa = PBXBuildFile; fileRef = 3058DB4AB9C00165A034E23E /* FileListView.swift */; };
		4B4A47F59FED962AF044ABCB /* FileRowView.swift in Sources */ = {isa = PBXBuildFile; fileRef = 3918B4F0DCAB4CF1CC1CBF69 /* FileRowView.swift */; };
		4C6119D3DB4D34B5B458F04A /* FileService.swift in Sources */ = {isa = PBXBuildFile; fileRef = DD5055FA3B64842AB6D459AD /* FileService.swift */; };
		558E884AEB9E13A046798D50 /* DropZoneView.swift in Sources */ = {isa = PBXBuildFile; fileRef = 416402EA4442543421793CDD /* DropZoneView.swift */; };
		74E0B58EC7944D6D1FE96F7B /* AudioFile.swift in Sources */ = {isa = PBXBuildFile; fileRef = 6B34DD8F3F08A2892FE5D3CE /* AudioFile.swift */; };
		7B02E914C08C2589D7727751 /* FolderPicker.swift in Sources */ = {isa = PBXBuildFile; fileRef = 1D886F5FB91A8363890B0057 /* FolderPicker.swift */; };
		8325EE999C171CF1910BC7E5 /* Extensions.swift in Sources */ = {isa = PBXBuildFile; fileRef = 26F29DE7E00DC049BF04BF83 /* Extensions.swift */; };
		867EB0A7BA659BDEC1B82EF0 /* ConversionProgressView.swift in Sources */ = {isa = PBXBuildFile; fileRef = DB86AB35E0D46FA85431B024 /* ConversionProgressView.swift */; };
		954ABB85EDEB39C614081C02 /* Constants.swift in Sources */ = {isa = PBXBuildFile; fileRef = 8E9178450A056F2609C6F371 /* Constants.swift */; };
		99A06B45D73A898B5434AD8B /* FFmpegService.swift in Sources */ = {isa = PBXBuildFile; fileRef = 8A1AD69D62C505688620ED12 /* FFmpegService.swift */; };
		AAA0C3DB0EDC744A55B090E9 /* ToastView.swift in Sources */ = {isa = PBXBuildFile; fileRef = 973317A3422D2AC87A5967F3 /* ToastView.swift */; };
		AB790A3798317B5C1CE322CE /* SettingsView.swift in Sources */ = {isa = PBXBuildFile; fileRef = CCAE126E3BC14DA4C3405EFE /* SettingsView.swift */; };
		B7CE29DCB6AFEECD12A5B091 /* ContentView.swift in Sources */ = {isa = PBXBuildFile; fileRef = 550DC6E3CC5350A38091B345 /* ContentView.swift */; };
		BD335184B61D7C22D08F4F43 /* Resources in Resources */ = {isa = PBXBuildFile; fileRef = 8BFDD40CA18B95DAC55AF560 /* Resources */; };
		C9432494457F49D2309EFF73 /* WaveDropApp.swift in Sources */ = {isa = PBXBuildFile; fileRef = 8337A2B7E0909B746EA18428 /* WaveDropApp.swift */; };
		CC5099BF4B1FAD6474FF3A68 /* main.swift in Sources */ = {isa = PBXBuildFile; fileRef = FCB21AC1907C5DA75E787110 /* main.swift */; };
		F5398119174E5C73617BCF9C /* AudioMetadataService.swift in Sources */ = {isa = PBXBuildFile; fileRef = 7688AB6BB533933BAF85CAE6 /* AudioMetadataService.swift */; };
			FFE06C4B8F2F3A669B048965 /* ConverterViewModel.swift in Sources */ = {isa = PBXBuildFile; fileRef = 77858EDFCDDCF8F77EB0DD44 /* ConverterViewModel.swift */; };
			AABB0001LOGVIEWBUILD /* LogView.swift in Sources */ = {isa = PBXBuildFile; fileRef = AABB0002LOGVIEWREF /* LogView.swift */; };
/* End PBXBuildFile section */

/* Begin PBXFileReference section */
		1D886F5FB91A8363890B0057 /* FolderPicker.swift */ = {isa = PBXFileReference; lastKnownFileType = sourcecode.swift; path = FolderPicker.swift; sourceTree = "<group>"; };
		26F29DE7E00DC049BF04BF83 /* Extensions.swift */ = {isa = PBXFileReference; lastKnownFileType = sourcecode.swift; path = Extensions.swift; sourceTree = "<group>"; };
		3058DB4AB9C00165A034E23E /* FileListView.swift */ = {isa = PBXFileReference; lastKnownFileType = sourcecode.swift; path = FileListView.swift; sourceTree = "<group>"; };
		30D4E51AE5AA50169A856DE8 /* WaveDrop.app */ = {isa = PBXFileReference; explicitFileType = wrapper.application; includeInIndex = 0; path = WaveDrop.app; sourceTree = BUILT_PRODUCTS_DIR; };
		3918B4F0DCAB4CF1CC1CBF69 /* FileRowView.swift */ = {isa = PBXFileReference; lastKnownFileType = sourcecode.swift; path = FileRowView.swift; sourceTree = "<group>"; };
		416402EA4442543421793CDD /* DropZoneView.swift */ = {isa = PBXFileReference; lastKnownFileType = sourcecode.swift; path = DropZoneView.swift; sourceTree = "<group>"; };
		550DC6E3CC5350A38091B345 /* ContentView.swift */ = {isa = PBXFileReference; lastKnownFileType = sourcecode.swift; path = ContentView.swift; sourceTree = "<group>"; };
		6B34DD8F3F08A2892FE5D3CE /* AudioFile.swift */ = {isa = PBXFileReference; lastKnownFileType = sourcecode.swift; path = AudioFile.swift; sourceTree = "<group>"; };
		7688AB6BB533933BAF85CAE6 /* AudioMetadataService.swift */ = {isa = PBXFileReference; lastKnownFileType = sourcecode.swift; path = AudioMetadataService.swift; sourceTree = "<group>"; };
		77858EDFCDDCF8F77EB0DD44 /* ConverterViewModel.swift */ = {isa = PBXFileReference; lastKnownFileType = sourcecode.swift; path = ConverterViewModel.swift; sourceTree = "<group>"; };
		8337A2B7E0909B746EA18428 /* WaveDropApp.swift */ = {isa = PBXFileReference; lastKnownFileType = sourcecode.swift; path = WaveDropApp.swift; sourceTree = "<group>"; };
		8A1AD69D62C505688620ED12 /* FFmpegService.swift */ = {isa = PBXFileReference; lastKnownFileType = sourcecode.swift; path = FFmpegService.swift; sourceTree = "<group>"; };
		8BFDD40CA18B95DAC55AF560 /* Resources */ = {isa = PBXFileReference; lastKnownFileType = folder; path = Resources; sourceTree = SOURCE_ROOT; };
		8E9178450A056F2609C6F371 /* Constants.swift */ = {isa = PBXFileReference; lastKnownFileType = sourcecode.swift; path = Constants.swift; sourceTree = "<group>"; };
		973317A3422D2AC87A5967F3 /* ToastView.swift */ = {isa = PBXFileReference; lastKnownFileType = sourcecode.swift; path = ToastView.swift; sourceTree = "<group>"; };
		CCAE126E3BC14DA4C3405EFE /* SettingsView.swift */ = {isa = PBXFileReference; lastKnownFileType = sourcecode.swift; path = SettingsView.swift; sourceTree = "<group>"; };
		DB86AB35E0D46FA85431B024 /* ConversionProgressView.swift */ = {isa = PBXFileReference; lastKnownFileType = sourcecode.swift; path = ConversionProgressView.swift; sourceTree = "<group>"; };
		DD5055FA3B64842AB6D459AD /* FileService.swift */ = {isa = PBXFileReference; lastKnownFileType = sourcecode.swift; path = FileService.swift; sourceTree = "<group>"; };
			FCB21AC1907C5DA75E787110 /* main.swift */ = {isa = PBXFileReference; lastKnownFileType = sourcecode.swift; path = main.swift; sourceTree = "<group>"; };
			AABB0002LOGVIEWREF /* LogView.swift */ = {isa = PBXFileReference; lastKnownFileType = sourcecode.swift; path = LogView.swift; sourceTree = "<group>"; };
/* End PBXFileReference section */

/* Begin PBXGroup section */
		29398AEED90A0519D427B02A /* Models */ = {
			isa = PBXGroup;
			children = (
				6B34DD8F3F08A2892FE5D3CE /* AudioFile.swift */,
			);
			path = Models;
			sourceTree = "<group>";
		};
		2D06C088383A473BE5E7A360 /* App */ = {
			isa = PBXGroup;
			children = (
				FCB21AC1907C5DA75E787110 /* main.swift */,
				8337A2B7E0909B746EA18428 /* WaveDropApp.swift */,
			);
			path = App;
			sourceTree = "<group>";
		};
		67E41FE3D987E79FDB4EA7C3 = {
			isa = PBXGroup;
			children = (
				8BFDD40CA18B95DAC55AF560 /* Resources */,
				2D06C088383A473BE5E7A360 /* App */,
				29398AEED90A0519D427B02A /* Models */,
				B6D5E57F3DA9F38126C9A867 /* Services */,
				D56700E7FB418094D2C8F3EB /* Utilities */,
				A3E9524FDBAE9770CEEEE74B /* ViewModels */,
				DCCE743DBC99D87D9E6502E4 /* Views */,
				82080F3B4662707D628A4916 /* Products */,
			);
			sourceTree = "<group>";
		};
		82080F3B4662707D628A4916 /* Products */ = {
			isa = PBXGroup;
			children = (
				30D4E51AE5AA50169A856DE8 /* WaveDrop.app */,
			);
			name = Products;
			sourceTree = "<group>";
		};
		A3E9524FDBAE9770CEEEE74B /* ViewModels */ = {
			isa = PBXGroup;
			children = (
				77858EDFCDDCF8F77EB0DD44 /* ConverterViewModel.swift */,
			);
			path = ViewModels;
			sourceTree = "<group>";
		};
		B6D5E57F3DA9F38126C9A867 /* Services */ = {
			isa = PBXGroup;
			children = (
				7688AB6BB533933BAF85CAE6 /* AudioMetadataService.swift */,
				8A1AD69D62C505688620ED12 /* FFmpegService.swift */,
				DD5055FA3B64842AB6D459AD /* FileService.swift */,
			);
			path = Services;
			sourceTree = "<group>";
		};
		D56700E7FB418094D2C8F3EB /* Utilities */ = {
			isa = PBXGroup;
			children = (
				8E9178450A056F2609C6F371 /* Constants.swift */,
				26F29DE7E00DC049BF04BF83 /* Extensions.swift */,
			);
			path = Utilities;
			sourceTree = "<group>";
		};
		DCCE743DBC99D87D9E6502E4 /* Views */ = {
			isa = PBXGroup;
			children = (
				550DC6E3CC5350A38091B345 /* ContentView.swift */,
				DB86AB35E0D46FA85431B024 /* ConversionProgressView.swift */,
				416402EA4442543421793CDD /* DropZoneView.swift */,
				3058DB4AB9C00165A034E23E /* FileListView.swift */,
				3918B4F0DCAB4CF1CC1CBF69 /* FileRowView.swift */,
				1D886F5FB91A8363890B0057 /* FolderPicker.swift */,
				CCAE126E3BC14DA4C3405EFE /* SettingsView.swift */,
				973317A3422D2AC87A5967F3 /* ToastView.swift */,
					AABB0002LOGVIEWREF /* LogView.swift */,
				);
			path = Views;
			sourceTree = "<group>";
		};
/* End PBXGroup section */

/* Begin PBXNativeTarget section */
		B3975001DBF7B385DB2B38AF /* WaveDrop */ = {
			isa = PBXNativeTarget;
			buildConfigurationList = 6E1BD275875CEDEE030EC23E /* Build configuration list for PBXNativeTarget "WaveDrop" */;
			buildPhases = (
				5A09CC3B38067D10F217C61F /* Sources */,
				B258C276DCFB370587227352 /* Resources */,
			);
			buildRules = (
			);
			dependencies = (
			);
			name = WaveDrop;
			packageProductDependencies = (
			);
			productName = WaveDrop;
			productReference = 30D4E51AE5AA50169A856DE8 /* WaveDrop.app */;
			productType = "com.apple.product-type.application";
		};
/* End PBXNativeTarget section */

/* Begin PBXProject section */
		2B297259093802E6D83BBE2E /* Project object */ = {
			isa = PBXProject;
			attributes = {
				BuildIndependentTargetsInParallel = YES;
				LastUpgradeCheck = 1500;
				TargetAttributes = {
				};
			};
			buildConfigurationList = 81DF5D8AB265E64FB5F5FC96 /* Build configuration list for PBXProject "WaveDrop" */;
			developmentRegion = en;
			hasScannedForEncodings = 0;
			knownRegions = (
				Base,
				en,
			);
			mainGroup = 67E41FE3D987E79FDB4EA7C3;
			minimizedProjectReferenceProxies = 1;
			preferredProjectObjectVersion = 77;
			productRefGroup = 82080F3B4662707D628A4916 /* Products */;
			projectDirPath = "";
			projectRoot = "";
			targets = (
				B3975001DBF7B385DB2B38AF /* WaveDrop */,
			);
		};
/* End PBXProject section */

/* Begin PBXResourcesBuildPhase section */
		B258C276DCFB370587227352 /* Resources */ = {
			isa = PBXResourcesBuildPhase;
			buildActionMask = 2147483647;
			files = (
				BD335184B61D7C22D08F4F43 /* Resources in Resources */,
			);
			runOnlyForDeploymentPostprocessing = 0;
		};
/* End PBXResourcesBuildPhase section */

/* Begin PBXSourcesBuildPhase section */
		5A09CC3B38067D10F217C61F /* Sources */ = {
			isa = PBXSourcesBuildPhase;
			buildActionMask = 2147483647;
			files = (
				74E0B58EC7944D6D1FE96F7B /* AudioFile.swift in Sources */,
				F5398119174E5C73617BCF9C /* AudioMetadataService.swift in Sources */,
				954ABB85EDEB39C614081C02 /* Constants.swift in Sources */,
				B7CE29DCB6AFEECD12A5B091 /* ContentView.swift in Sources */,
				867EB0A7BA659BDEC1B82EF0 /* ConversionProgressView.swift in Sources */,
				FFE06C4B8F2F3A669B048965 /* ConverterViewModel.swift in Sources */,
				558E884AEB9E13A046798D50 /* DropZoneView.swift in Sources */,
				8325EE999C171CF1910BC7E5 /* Extensions.swift in Sources */,
				99A06B45D73A898B5434AD8B /* FFmpegService.swift in Sources */,
				3AF92DF4E3F00CE09024835C /* FileListView.swift in Sources */,
				4B4A47F59FED962AF044ABCB /* FileRowView.swift in Sources */,
				4C6119D3DB4D34B5B458F04A /* FileService.swift in Sources */,
				7B02E914C08C2589D7727751 /* FolderPicker.swift in Sources */,
				AB790A3798317B5C1CE322CE /* SettingsView.swift in Sources */,
				AAA0C3DB0EDC744A55B090E9 /* ToastView.swift in Sources */,
				C9432494457F49D2309EFF73 /* WaveDropApp.swift in Sources */,
					CC5099BF4B1FAD6474FF3A68 /* main.swift in Sources */,
					AABB0001LOGVIEWBUILD /* LogView.swift in Sources */,
				);
			runOnlyForDeploymentPostprocessing = 0;
		};
/* End PBXSourcesBuildPhase section */

/* Begin XCBuildConfiguration section */
		258FED53D4FECCF9783DF8AE /* Debug */ = {
			isa = XCBuildConfiguration;
			buildSettings = {
				ALWAYS_SEARCH_USER_PATHS = NO;
				BUILD_LIBRARY_FOR_DISTRIBUTION = YES;
				CLANG_ANALYZER_NONNULL = YES;
				CLANG_ANALYZER_NUMBER_OBJECT_CONVERSION = YES_AGGRESSIVE;
				CLANG_CXX_LANGUAGE_STANDARD = "gnu++14";
				CLANG_CXX_LIBRARY = "libc++";
				CLANG_ENABLE_MODULES = YES;
				CLANG_ENABLE_OBJC_ARC = YES;
				CLANG_ENABLE_OBJC_WEAK = YES;
				CLANG_WARN_BLOCK_CAPTURE_AUTORELEASING = YES;
				CLANG_WARN_BOOL_CONVERSION = YES;
				CLANG_WARN_COMMA = YES;
				CLANG_WARN_CONSTANT_CONVERSION = YES;
				CLANG_WARN_DEPRECATED_OBJC_IMPLEMENTATIONS = YES;
				CLANG_WARN_DIRECT_OBJC_ISA_USAGE = YES_ERROR;
				CLANG_WARN_DOCUMENTATION_COMMENTS = YES;
				CLANG_WARN_EMPTY_BODY = YES;
				CLANG_WARN_ENUM_CONVERSION = YES;
				CLANG_WARN_INFINITE_RECURSION = YES;
				CLANG_WARN_INT_CONVERSION = YES;
				CLANG_WARN_NON_LITERAL_NULL_CONVERSION = YES;
				CLANG_WARN_OBJC_IMPLICIT_RETAIN_SELF = YES;
				CLANG_WARN_OBJC_LITERAL_CONVERSION = YES;
				CLANG_WARN_OBJC_ROOT_CLASS = YES_ERROR;
				CLANG_WARN_QUOTED_INCLUDE_IN_FRAMEWORK_HEADER = YES;
				CLANG_WARN_RANGE_LOOP_ANALYSIS = YES;
				CLANG_WARN_STRICT_PROTOTYPES = YES;
				CLANG_WARN_SUSPICIOUS_MOVE = YES;
				CLANG_WARN_UNGUARDED_AVAILABILITY = YES_AGGRESSIVE;
				CLANG_WARN_UNREACHABLE_CODE = YES;
				CLANG_WARN__DUPLICATE_METHOD_MATCH = YES;
				CODE_SIGNING_ALLOWED = NO;
				CODE_SIGNING_REQUIRED = NO;
				COPY_PHASE_STRIP = NO;
				DEBUG_INFORMATION_FORMAT = dwarf;
				ENABLE_PREVIEWS = YES;
				ENABLE_STRICT_OBJC_MSGSEND = YES;
				ENABLE_TESTABILITY = YES;
				GCC_C_LANGUAGE_STANDARD = gnu11;
				GCC_DYNAMIC_NO_PIC = NO;
				GCC_NO_COMMON_BLOCKS = YES;
				GCC_OPTIMIZATION_LEVEL = 0;
				GCC_PREPROCESSOR_DEFINITIONS = (
					"$(inherited)",
					"DEBUG=1",
				);
				GCC_WARN_64_TO_32_BIT_CONVERSION = YES;
				GCC_WARN_ABOUT_RETURN_TYPE = YES_ERROR;
				GCC_WARN_UNDECLARED_SELECTOR = YES;
				GCC_WARN_UNINITIALIZED_AUTOS = YES_AGGRESSIVE;
				GCC_WARN_UNUSED_FUNCTION = YES;
				GCC_WARN_UNUSED_VARIABLE = YES;
				MACOSX_DEPLOYMENT_TARGET = 14.0;
				MTL_ENABLE_DEBUG_INFO = INCLUDE_SOURCE;
				MTL_FAST_MATH = YES;
				ONLY_ACTIVE_ARCH = YES;
				PRODUCT_NAME = "$(TARGET_NAME)";
				SDKROOT = macosx;
				SWIFT_ACTIVE_COMPILATION_CONDITIONS = DEBUG;
				SWIFT_OPTIMIZATION_LEVEL = "-Onone";
				SWIFT_STRICT_CONCURRENCY = minimal;
				SWIFT_VERSION = 6.0;
			};
			name = Debug;
		};
		2CAB10704019222D44E96E6C /* Release */ = {
			isa = XCBuildConfiguration;
			buildSettings = {
				ASSETCATALOG_COMPILER_APPICON_NAME = AppIcon;
				CODE_SIGN_ENTITLEMENTS = Resources/WaveDrop.entitlements;
				COMBINE_HIDPI_IMAGES = YES;
				INFOPLIST_FILE = Resources/Info.plist;
				LD_RUNPATH_SEARCH_PATHS = (
					"$(inherited)",
					"@executable_path/../Frameworks",
				);
				PRODUCT_BUNDLE_IDENTIFIER = com.wavedrop.app;
				PRODUCT_NAME = WaveDrop;
				SDKROOT = macosx;
			};
			name = Release;
		};
		94BE240B1D7CB3B334E8ECE6 /* Debug */ = {
			isa = XCBuildConfiguration;
			buildSettings = {
				ASSETCATALOG_COMPILER_APPICON_NAME = AppIcon;
				CODE_SIGN_ENTITLEMENTS = Resources/WaveDrop.entitlements;
				COMBINE_HIDPI_IMAGES = YES;
				INFOPLIST_FILE = Resources/Info.plist;
				LD_RUNPATH_SEARCH_PATHS = (
					"$(inherited)",
					"@executable_path/../Frameworks",
				);
				PRODUCT_BUNDLE_IDENTIFIER = com.wavedrop.app;
				PRODUCT_NAME = WaveDrop;
				SDKROOT = macosx;
			};
			name = Debug;
		};
		C520F3181E996D7AE77A9518 /* Release */ = {
			isa = XCBuildConfiguration;
			buildSettings = {
				ALWAYS_SEARCH_USER_PATHS = NO;
				BUILD_LIBRARY_FOR_DISTRIBUTION = YES;
				CLANG_ANALYZER_NONNULL = YES;
				CLANG_ANALYZER_NUMBER_OBJECT_CONVERSION = YES_AGGRESSIVE;
				CLANG_CXX_LANGUAGE_STANDARD = "gnu++14";
				CLANG_CXX_LIBRARY = "libc++";
				CLANG_ENABLE_MODULES = YES;
				CLANG_ENABLE_OBJC_ARC = YES;
				CLANG_ENABLE_OBJC_WEAK = YES;
				CLANG_WARN_BLOCK_CAPTURE_AUTORELEASING = YES;
				CLANG_WARN_BOOL_CONVERSION = YES;
				CLANG_WARN_COMMA = YES;
				CLANG_WARN_CONSTANT_CONVERSION = YES;
				CLANG_WARN_DEPRECATED_OBJC_IMPLEMENTATIONS = YES;
				CLANG_WARN_DIRECT_OBJC_ISA_USAGE = YES_ERROR;
				CLANG_WARN_DOCUMENTATION_COMMENTS = YES;
				CLANG_WARN_EMPTY_BODY = YES;
				CLANG_WARN_ENUM_CONVERSION = YES;
				CLANG_WARN_INFINITE_RECURSION = YES;
				CLANG_WARN_INT_CONVERSION = YES;
				CLANG_WARN_NON_LITERAL_NULL_CONVERSION = YES;
				CLANG_WARN_OBJC_IMPLICIT_RETAIN_SELF = YES;
				CLANG_WARN_OBJC_LITERAL_CONVERSION = YES;
				CLANG_WARN_OBJC_ROOT_CLASS = YES_ERROR;
				CLANG_WARN_QUOTED_INCLUDE_IN_FRAMEWORK_HEADER = YES;
				CLANG_WARN_RANGE_LOOP_ANALYSIS = YES;
				CLANG_WARN_STRICT_PROTOTYPES = YES;
				CLANG_WARN_SUSPICIOUS_MOVE = YES;
				CLANG_WARN_UNGUARDED_AVAILABILITY = YES_AGGRESSIVE;
				CLANG_WARN_UNREACHABLE_CODE = YES;
				CLANG_WARN__DUPLICATE_METHOD_MATCH = YES;
				CODE_SIGNING_ALLOWED = NO;
				CODE_SIGNING_REQUIRED = NO;
				COPY_PHASE_STRIP = NO;
				DEBUG_INFORMATION_FORMAT = "dwarf-with-dsym";
				ENABLE_NS_ASSERTIONS = NO;
				ENABLE_PREVIEWS = YES;
				ENABLE_STRICT_OBJC_MSGSEND = YES;
				GCC_C_LANGUAGE_STANDARD = gnu11;
				GCC_NO_COMMON_BLOCKS = YES;
				GCC_WARN_64_TO_32_BIT_CONVERSION = YES;
				GCC_WARN_ABOUT_RETURN_TYPE = YES_ERROR;
				GCC_WARN_UNDECLARED_SELECTOR = YES;
				GCC_WARN_UNINITIALIZED_AUTOS = YES_AGGRESSIVE;
				GCC_WARN_UNUSED_FUNCTION = YES;
				GCC_WARN_UNUSED_VARIABLE = YES;
				MACOSX_DEPLOYMENT_TARGET = 14.0;
				MTL_ENABLE_DEBUG_INFO = NO;
				MTL_FAST_MATH = YES;
				PRODUCT_NAME = "$(TARGET_NAME)";
				SDKROOT = macosx;
				SWIFT_COMPILATION_MODE = wholemodule;
				SWIFT_OPTIMIZATION_LEVEL = "-O";
				SWIFT_STRICT_CONCURRENCY = minimal;
				SWIFT_VERSION = 6.0;
			};
			name = Release;
		};
/* End XCBuildConfiguration section */

/* Begin XCConfigurationList section */
		6E1BD275875CEDEE030EC23E /* Build configuration list for PBXNativeTarget "WaveDrop" */ = {
			isa = XCConfigurationList;
			buildConfigurations = (
				94BE240B1D7CB3B334E8ECE6 /* Debug */,
				2CAB10704019222D44E96E6C /* Release */,
			);
			defaultConfigurationIsVisible = 0;
			defaultConfigurationName = Debug;
		};
		81DF5D8AB265E64FB5F5FC96 /* Build configuration list for PBXProject "WaveDrop" */ = {
			isa = XCConfigurationList;
			buildConfigurations = (
				258FED53D4FECCF9783DF8AE /* Debug */,
				C520F3181E996D7AE77A9518 /* Release */,
			);
			defaultConfigurationIsVisible = 0;
			defaultConfigurationName = Debug;
		};
/* End XCConfigurationList section */
	};
	rootObject = 2B297259093802E6D83BBE2E /* Project object */;
}
